
Microsoft Visual Studio Solution File, Format Version 12.00
# Visual Studio Version 16
VisualStudioVersion = 16.0.31205.134
MinimumVisualStudioVersion = 10.0.40219.1
Project("{FAE04EC0-301F-11D3-BF4B-00C04F79EFBC}") = "RESTAPI-Net5", "RESTAPI-Net5\RESTAPI-Net5.csproj", "{A8368591-4BC8-4141-BFD7-037E6086E312}"
EndProject
Global
	GlobalSection(SolutionConfigurationPlatforms) = preSolution
		Debug|Any CPU = Debug|Any CPU
		Release|Any CPU = Release|Any CPU
	EndGlobalSection
	GlobalSection(ProjectConfigurationPlatforms) = postSolution
		{A8368591-4BC8-4141-BFD7-037E6086E312}.Debug|Any CPU.ActiveCfg = Debug|Any CPU
		{A8368591-4BC8-4141-BFD7-037E6086E312}.Debug|Any CPU.Build.0 = Debug|Any CPU
		{A8368591-4BC8-4141-BFD7-037E6086E312}.Release|Any CPU.ActiveCfg = Release|Any CPU
		{A8368591-4BC8-4141-BFD7-037E6086E312}.Release|Any CPU.Build.0 = Release|Any CPU
	EndGlobalSection
	GlobalSection(SolutionProperties) = preSolution
		HideSolutionNode = FALSE
	EndGlobalSection
	GlobalSection(ExtensibilityGlobals) = postSolution
		SolutionGuid = {1540F29A-7ADE-4349-BEDA-86CBC4586573}
	EndGlobalSection
EndGlobal
